
Microsoft Visual Studio Solution File, Format Version 12.00
# Visual Studio Version 17
VisualStudioVersion = 17.2.32526.322
MinimumVisualStudioVersion = 10.0.40219.1
Project("{9A19103F-16F7-4668-BE54-9A1E7A4F7556}") = "EmployeeCRUDWebAPI", "EmployeeCRUDWebAPI.csproj", "{9C4B0191-0B94-489D-9F85-6C1DE574FB37}"
EndProject
Global
	GlobalSection(SolutionConfigurationPlatforms) = preSolution
		Debug|Any CPU = Debug|Any CPU
		Release|Any CPU = Release|Any CPU
	EndGlobalSection
	GlobalSection(ProjectConfigurationPlatforms) = postSolution
		{9C4B0191-0B94-489D-9F85-6C1DE574FB37}.Debug|Any CPU.ActiveCfg = Debug|Any CPU
		{9C4B0191-0B94-489D-9F85-6C1DE574FB37}.Debug|Any CPU.Build.0 = Debug|Any CPU
		{9C4B0191-0B94-489D-9F85-6C1DE574FB37}.Release|Any CPU.ActiveCfg = Release|Any CPU
		{9C4B0191-0B94-489D-9F85-6C1DE574FB37}.Release|Any CPU.Build.0 = Release|Any CPU
	EndGlobalSection
	GlobalSection(SolutionProperties) = preSolution
		HideSolutionNode = FALSE
	EndGlobalSection
	GlobalSection(ExtensibilityGlobals) = postSolution
		SolutionGuid = {8F86E19A-E432-43C2-99A4-A38CB4901D22}
	EndGlobalSection
EndGlobal
